
Microsoft Visual Studio Solution File, Format Version 12.00
# Visual Studio Version 17
VisualStudioVersion = 17.11.35208.52
MinimumVisualStudioVersion = 10.0.40219.1
Project("{9A19103F-16F7-4668-BE54-9A1E7A4F7556}") = "TT_ECommerce", "TT_ECommerce.csproj", "{4F618155-6EAB-4429-B2F3-EB436CB6174D}"
EndProject
Global
	GlobalSection(SolutionConfigurationPlatforms) = preSolution
		Debug|Any CPU = Debug|Any CPU
		Release|Any CPU = Release|Any CPU
	EndGlobalSection
	GlobalSection(ProjectConfigurationPlatforms) = postSolution
		{4F618155-6EAB-4429-B2F3-EB436CB6174D}.Debug|Any CPU.ActiveCfg = Debug|Any CPU
		{4F618155-6EAB-4429-B2F3-EB436CB6174D}.Debug|Any CPU.Build.0 = Debug|Any CPU
		{4F618155-6EAB-4429-B2F3-EB436CB6174D}.Release|Any CPU.ActiveCfg = Release|Any CPU
		{4F618155-6EAB-4429-B2F3-EB436CB6174D}.Release|Any CPU.Build.0 = Release|Any CPU
	EndGlobalSection
	GlobalSection(SolutionProperties) = preSolution
		HideSolutionNode = FALSE
	EndGlobalSection
	GlobalSection(ExtensibilityGlobals) = postSolution
		SolutionGuid = {16FE0FAD-11EA-41EB-B9AA-EA446148FD41}
	EndGlobalSection
EndGlobal
